{
  "name": "artifactory-ssh-proxy-server",
  "version": "1.0.0",
  "lockfileVersion": 1,
  "requires": true,
  "dependencies": {
    "@fastify/ajv-compiler": {
      "version": "1.1.0",
      "resolved": "https://repo.dev.wixpress.com/artifactory/api/npm/npm-repos/@fastify/ajv-compiler/-/ajv-compiler-1.1.0.tgz",
      "integrity": "sha1-XOgLH8i+v/yMW6Qo1eOS0PntEKE=",
      "requires": {
        "ajv": "^6.12.6"
      }
    },
    "abstract-logging": {
      "version": "2.0.1",
      "resolved": "https://repo.dev.wixpress.com/artifactory/api/npm/npm-repos/abstract-logging/-/abstract-logging-2.0.1.tgz",
      "integrity": "sha1-aww3HfIS23EptX0uf88oK4vxyDk="
    },
    "ajv": {
      "version": "6.12.6",
      "resolved": "https://repo.dev.wixpress.com/artifactory/api/npm/npm-repos/ajv/-/ajv-6.12.6.tgz",
      "integrity": "sha1-uvWmLoArB9l3A0WG+MO69a3ybfQ=",
      "requires": {
        "fast-deep-equal": "^3.1.1",
        "fast-json-stable-stringify": "^2.0.0",
        "json-schema-traverse": "^0.4.1",
        "uri-js": "^4.2.2"
      }
    },
    "archy": {
      "version": "1.0.0",
      "resolved": "https://repo.dev.wixpress.com/artifactory/api/npm/npm-repos/archy/-/archy-1.0.0.tgz",
      "integrity": "sha1-+cjBN1fMHde8N5rHeyxipcKGjEA="
    },
    "asn1": {
      "version": "0.2.4",
      "resolved": "https://repo.dev.wixpress.com/artifactory/api/npm/npm-repos/asn1/-/asn1-0.2.4.tgz",
      "integrity": "sha1-jSR136tVO7M+d7VOWeiAu4ziMTY=",
      "requires": {
        "safer-buffer": "~2.1.0"
      }
    },
    "atomic-sleep": {
      "version": "1.0.0",
      "resolved": "https://repo.dev.wixpress.com/artifactory/api/npm/npm-repos/atomic-sleep/-/atomic-sleep-1.0.0.tgz",
      "integrity": "sha1-64W3emAfyTLP5DLFrNNkqeLJB1s="
    },
    "avvio": {
      "version": "7.2.2",
      "resolved": "https://repo.dev.wixpress.com/artifactory/api/npm/npm-repos/avvio/-/avvio-7.2.2.tgz",
      "integrity": "sha1-WOAOeWiHACbNe31PaJ1ZbbYp4lE=",
      "requires": {
        "archy": "^1.0.0",
        "debug": "^4.0.0",
        "fastq": "^1.6.1",
        "queue-microtask": "^1.1.2"
      }
    },
    "bcrypt-pbkdf": {
      "version": "1.0.2",
      "resolved": "https://repo.dev.wixpress.com/artifactory/api/npm/npm-repos/bcrypt-pbkdf/-/bcrypt-pbkdf-1.0.2.tgz",
      "integrity": "sha1-pDAdOJtqQ/m2f/PKEaP2Y342Dp4=",
      "requires": {
        "tweetnacl": "^0.14.3"
      }
    },
    "cookie": {
      "version": "0.4.1",
      "resolved": "https://repo.dev.wixpress.com/artifactory/api/npm/npm-repos/cookie/-/cookie-0.4.1.tgz",
      "integrity": "sha1-r9cT/ibr0hupXOth+agRblClN9E="
    },
    "core-util-is": {
      "version": "1.0.3",
      "resolved": "https://repo.dev.wixpress.com/artifactory/api/npm/npm-repos/core-util-is/-/core-util-is-1.0.3.tgz",
      "integrity": "sha1-pgQtNjTCsn6TKPg3uWX6yDgI24U="
    },
    "cpu-features": {
      "version": "0.0.2",
      "resolved": "https://repo.dev.wixpress.com/artifactory/api/npm/npm-repos/cpu-features/-/cpu-features-0.0.2.tgz",
      "integrity": "sha1-n2NhVvEVX9BL26oCi7PC++886no=",
      "optional": true,
      "requires": {
        "nan": "^2.14.1"
      }
    },
    "debug": {
      "version": "4.3.2",
      "resolved": "https://repo.dev.wixpress.com/artifactory/api/npm/npm-repos/debug/-/debug-4.3.2.tgz",
      "integrity": "sha1-8KScGKyHeeMdSgxgKd+3aHPHQos=",
      "requires": {
        "ms": "2.1.2"
      }
    },
    "deepmerge": {
      "version": "4.2.2",
      "resolved": "https://repo.dev.wixpress.com/artifactory/api/npm/npm-repos/deepmerge/-/deepmerge-4.2.2.tgz",
      "integrity": "sha1-RNLqNnm49NT/ujPwPYZfwee/SVU="
    },
    "depd": {
      "version": "1.1.2",
      "resolved": "https://repo.dev.wixpress.com/artifactory/api/npm/npm-repos/depd/-/depd-1.1.2.tgz",
      "integrity": "sha1-m81S4UwJd2PnSbJ0xDRu0uVgtak="
    },
    "end-of-stream": {
      "version": "1.4.4",
      "resolved": "https://repo.dev.wixpress.com/artifactory/api/npm/npm-repos/end-of-stream/-/end-of-stream-1.4.4.tgz",
      "integrity": "sha1-WuZKX0UFe682JuwU2gyl5LJDHrA=",
      "requires": {
        "once": "^1.4.0"
      }
    },
    "fast-decode-uri-component": {
      "version": "1.0.1",
      "resolved": "https://repo.dev.wixpress.com/artifactory/api/npm/npm-repos/fast-decode-uri-component/-/fast-decode-uri-component-1.0.1.tgz",
      "integrity": "sha1-Rvi2wisw/3qBNX1PWav66TggJUM="
    },
    "fast-deep-equal": {
      "version": "3.1.3",
      "resolved": "https://repo.dev.wixpress.com/artifactory/api/npm/npm-repos/fast-deep-equal/-/fast-deep-equal-3.1.3.tgz",
      "integrity": "sha1-On1WtVnWy8PrUSMlJE5hmmXGxSU="
    },
    "fast-json-stable-stringify": {
      "version": "2.1.0",
      "resolved": "https://repo.dev.wixpress.com/artifactory/api/npm/npm-repos/fast-json-stable-stringify/-/fast-json-stable-stringify-2.1.0.tgz",
      "integrity": "sha1-h0v2nG9ATCtdmcSBNBOZ/VWJJjM="
    },
    "fast-json-stringify": {
      "version": "2.7.9",
      "resolved": "https://repo.dev.wixpress.com/artifactory/api/npm/npm-repos/fast-json-stringify/-/fast-json-stringify-2.7.9.tgz",
      "integrity": "sha1-+QhlhLtU9UGBsHZpFzaVygkPz84=",
      "requires": {
        "ajv": "^6.11.0",
        "deepmerge": "^4.2.2",
        "rfdc": "^1.2.0",
        "string-similarity": "^4.0.1"
      }
    },
    "fast-redact": {
      "version": "3.0.2",
      "resolved": "https://repo.dev.wixpress.com/artifactory/api/npm/npm-repos/fast-redact/-/fast-redact-3.0.2.tgz",
      "integrity": "sha1-yUC6cWLd467u/FIpJq6MUjFBKQQ="
    },
    "fast-safe-stringify": {
      "version": "2.0.8",
      "resolved": "https://repo.dev.wixpress.com/artifactory/api/npm/npm-repos/fast-safe-stringify/-/fast-safe-stringify-2.0.8.tgz",
      "integrity": "sha1-3Cr0jEbPcStoPoSbK71EazLek28="
    },
    "fastify": {
      "version": "3.20.2",
      "resolved": "https://repo.dev.wixpress.com/artifactory/api/npm/npm-repos/fastify/-/fastify-3.20.2.tgz",
      "integrity": "sha1-maWitLSoxGjfriRSGa8FOxLF/lU=",
      "requires": {
        "@fastify/ajv-compiler": "^1.0.0",
        "abstract-logging": "^2.0.0",
        "avvio": "^7.1.2",
        "fast-json-stringify": "^2.5.2",
        "fastify-error": "^0.3.0",
        "fastify-warning": "^0.2.0",
        "find-my-way": "^4.1.0",
        "flatstr": "^1.0.12",
        "light-my-request": "^4.2.0",
        "pino": "^6.13.0",
        "proxy-addr": "^2.0.7",
        "readable-stream": "^3.4.0",
        "rfdc": "^1.1.4",
        "secure-json-parse": "^2.0.0",
        "semver": "^7.3.2",
        "tiny-lru": "^7.0.0"
      }
    },
    "fastify-error": {
      "version": "0.3.1",
      "resolved": "https://repo.dev.wixpress.com/artifactory/api/npm/npm-repos/fastify-error/-/fastify-error-0.3.1.tgz",
      "integrity": "sha1-jrmT4V489X8DV/xFKvkpDxwSeNI="
    },
    "fastify-http-proxy": {
      "version": "6.2.0",
      "resolved": "https://repo.dev.wixpress.com/artifactory/api/npm/npm-repos/fastify-http-proxy/-/fastify-http-proxy-6.2.0.tgz",
      "integrity": "sha1-LzVFPjBXyOGDiAeD81UUFca0yEY=",
      "requires": {
        "fastify-reply-from": "^6.0.0",
        "ws": "^8.0.0"
      }
    },
    "fastify-plugin": {
      "version": "3.0.0",
      "resolved": "https://repo.dev.wixpress.com/artifactory/api/npm/npm-repos/fastify-plugin/-/fastify-plugin-3.0.0.tgz",
      "integrity": "sha1-zxuMgJjjtafIww5q6waQM3DAVMo="
    },
    "fastify-reply-from": {
      "version": "6.0.1",
      "resolved": "https://repo.dev.wixpress.com/artifactory/api/npm/npm-repos/fastify-reply-from/-/fastify-reply-from-6.0.1.tgz",
      "integrity": "sha1-qw4aEpnWrQ0IeVfTO4/KUxWRGKo=",
      "requires": {
        "end-of-stream": "^1.4.4",
        "fastify-plugin": "^3.0.0",
        "http-errors": "^1.8.0",
        "pump": "^3.0.0",
        "semver": "^7.3.5",
        "tiny-lru": "^7.0.6",
        "undici": "^4.0.0"
      }
    },
    "fastify-warning": {
      "version": "0.2.0",
      "resolved": "https://repo.dev.wixpress.com/artifactory/api/npm/npm-repos/fastify-warning/-/fastify-warning-0.2.0.tgz",
      "integrity": "sha1-5xd3YCakST3Jor76RNttF/YYAI8="
    },
    "fastq": {
      "version": "1.12.0",
      "resolved": "https://repo.dev.wixpress.com/artifactory/api/npm/npm-repos/fastq/-/fastq-1.12.0.tgz",
      "integrity": "sha1-7XtqtdYjk/ssxZHIU2UqXDGL95Q=",
      "requires": {
        "reusify": "^1.0.4"
      }
    },
    "find-my-way": {
      "version": "4.3.3",
      "resolved": "https://repo.dev.wixpress.com/artifactory/api/npm/npm-repos/find-my-way/-/find-my-way-4.3.3.tgz",
      "integrity": "sha1-KrOICgO8qoWUVI1msM0cWm6Y3UQ=",
      "requires": {
        "fast-decode-uri-component": "^1.0.1",
        "fast-deep-equal": "^3.1.3",
        "safe-regex2": "^2.0.0",
        "semver-store": "^0.3.0"
      }
    },
    "flatstr": {
      "version": "1.0.12",
      "resolved": "https://repo.dev.wixpress.com/artifactory/api/npm/npm-repos/flatstr/-/flatstr-1.0.12.tgz",
      "integrity": "sha1-wrpqCBc+27bJZA4wVbleKHzrWTE="
    },
    "forwarded": {
      "version": "0.2.0",
      "resolved": "https://repo.dev.wixpress.com/artifactory/api/npm/npm-repos/forwarded/-/forwarded-0.2.0.tgz",
      "integrity": "sha1-ImmTZCiq1MFcfr6XeahL8LKoGBE="
    },
    "http-errors": {
      "version": "1.8.0",
      "resolved": "https://repo.dev.wixpress.com/artifactory/api/npm/npm-repos/http-errors/-/http-errors-1.8.0.tgz",
      "integrity": "sha1-ddG75JfhBE9R5O6ecEpi8o0zZQc=",
      "requires": {
        "depd": "~1.1.2",
        "inherits": "2.0.4",
        "setprototypeof": "1.2.0",
        "statuses": ">= 1.5.0 < 2",
        "toidentifier": "1.0.0"
      }
    },
    "inherits": {
      "version": "2.0.4",
      "resolved": "https://repo.dev.wixpress.com/artifactory/api/npm/npm-repos/inherits/-/inherits-2.0.4.tgz",
      "integrity": "sha1-D6LGT5MpF8NDOg3tVTY6rjdBa3w="
    },
    "ipaddr.js": {
      "version": "1.9.1",
      "resolved": "https://repo.dev.wixpress.com/artifactory/api/npm/npm-repos/ipaddr.js/-/ipaddr.js-1.9.1.tgz",
      "integrity": "sha1-v/OFQ+64mEglB5/zoqjmy9RngbM="
    },
    "isarray": {
      "version": "1.0.0",
      "resolved": "https://repo.dev.wixpress.com/artifactory/api/npm/npm-repos/isarray/-/isarray-1.0.0.tgz",
      "integrity": "sha1-u5NdSFgsuhaMBoNJV6VKPgcSTxE="
    },
    "json-schema-traverse": {
      "version": "0.4.1",
      "resolved": "https://repo.dev.wixpress.com/artifactory/api/npm/npm-repos/json-schema-traverse/-/json-schema-traverse-0.4.1.tgz",
      "integrity": "sha1-afaofZUTq4u4/mO9sJecRI5oRmA="
    },
    "light-my-request": {
      "version": "4.4.4",
      "resolved": "https://repo.dev.wixpress.com/artifactory/api/npm/npm-repos/light-my-request/-/light-my-request-4.4.4.tgz",
      "integrity": "sha1-BR4NRAp72uoxvL5rSApnqN93wgM=",
      "requires": {
        "ajv": "^8.1.0",
        "cookie": "^0.4.0",
        "fastify-warning": "^0.2.0",
        "readable-stream": "^3.6.0",
        "set-cookie-parser": "^2.4.1"
      },
      "dependencies": {
        "ajv": {
          "version": "8.6.2",
          "resolved": "https://repo.dev.wixpress.com/artifactory/api/npm/npm-repos/ajv/-/ajv-8.6.2.tgz",
          "integrity": "sha1-L7ReDl/LwIEzJsHD2lNdGIG7BXE=",
          "requires": {
            "fast-deep-equal": "^3.1.1",
            "json-schema-traverse": "^1.0.0",
            "require-from-string": "^2.0.2",
            "uri-js": "^4.2.2"
          }
        },
        "json-schema-traverse": {
          "version": "1.0.0",
          "resolved": "https://repo.dev.wixpress.com/artifactory/api/npm/npm-repos/json-schema-traverse/-/json-schema-traverse-1.0.0.tgz",
          "integrity": "sha1-rnvLNlard6c7pcSb9lTzjmtoYOI="
        }
      }
    },
    "lru-cache": {
      "version": "6.0.0",
      "resolved": "https://repo.dev.wixpress.com/artifactory/api/npm/npm-repos/lru-cache/-/lru-cache-6.0.0.tgz",
      "integrity": "sha1-bW/mVw69lqr5D8rR2vo7JWbbOpQ=",
      "requires": {
        "yallist": "^4.0.0"
      }
    },
    "ms": {
      "version": "2.1.2",
      "resolved": "https://repo.dev.wixpress.com/artifactory/api/npm/npm-repos/ms/-/ms-2.1.2.tgz",
      "integrity": "sha1-0J0fNXtEP0kzgqjrPM0YOHKuYAk="
    },
    "nan": {
      "version": "2.15.0",
      "resolved": "https://repo.dev.wixpress.com/artifactory/api/npm/npm-repos/nan/-/nan-2.15.0.tgz",
      "integrity": "sha1-PzSkc/8Y4VwbVia2KQO1rW5mX+4=",
      "optional": true
    },
    "once": {
      "version": "1.4.0",
      "resolved": "https://repo.dev.wixpress.com/artifactory/api/npm/npm-repos/once/-/once-1.4.0.tgz",
      "integrity": "sha1-WDsap3WWHUsROsF9nFC6753Xa9E=",
      "requires": {
        "wrappy": "1"
      }
    },
    "pino": {
      "version": "6.13.1",
      "resolved": "https://repo.dev.wixpress.com/artifactory/api/npm/npm-repos/pino/-/pino-6.13.1.tgz",
      "integrity": "sha1-OkhNSDHvGF+Fk/6aze7s5H2Fsy4=",
      "requires": {
        "fast-redact": "^3.0.0",
        "fast-safe-stringify": "^2.0.8",
        "fastify-warning": "^0.2.0",
        "flatstr": "^1.0.12",
        "pino-std-serializers": "^3.1.0",
        "quick-format-unescaped": "^4.0.3",
        "sonic-boom": "^1.0.2"
      }
    },
    "pino-std-serializers": {
      "version": "3.2.0",
      "resolved": "https://repo.dev.wixpress.com/artifactory/api/npm/npm-repos/pino-std-serializers/-/pino-std-serializers-3.2.0.tgz",
      "integrity": "sha1-tWSHxALYguuWzWfCV4aAFrYa1nE="
    },
    "process-nextick-args": {
      "version": "2.0.1",
      "resolved": "https://repo.dev.wixpress.com/artifactory/api/npm/npm-repos/process-nextick-args/-/process-nextick-args-2.0.1.tgz",
      "integrity": "sha1-eCDZsWEgzFXKmud5JoCufbptf+I="
    },
    "proxy-addr": {
      "version": "2.0.7",
      "resolved": "https://repo.dev.wixpress.com/artifactory/api/npm/npm-repos/proxy-addr/-/proxy-addr-2.0.7.tgz",
      "integrity": "sha1-8Z/mnOqzEe65S0LnDowgcPm6ECU=",
      "requires": {
        "forwarded": "0.2.0",
        "ipaddr.js": "1.9.1"
      }
    },
    "pump": {
      "version": "3.0.0",
      "resolved": "https://repo.dev.wixpress.com/artifactory/api/npm/npm-repos/pump/-/pump-3.0.0.tgz",
      "integrity": "sha1-tKIRaBW94vTh6mAjVOjHVWUQemQ=",
      "requires": {
        "end-of-stream": "^1.1.0",
        "once": "^1.3.1"
      }
    },
    "punycode": {
      "version": "2.1.1",
      "resolved": "https://repo.dev.wixpress.com/artifactory/api/npm/npm-repos/punycode/-/punycode-2.1.1.tgz",
      "integrity": "sha1-tYsBCsQMIsVldhbI0sLALHv0eew="
    },
    "queue-microtask": {
      "version": "1.2.3",
      "resolved": "https://repo.dev.wixpress.com/artifactory/api/npm/npm-repos/queue-microtask/-/queue-microtask-1.2.3.tgz",
      "integrity": "sha1-SSkii7xyTfrEPg77BYyve2z7YkM="
    },
    "quick-format-unescaped": {
      "version": "4.0.3",
      "resolved": "https://repo.dev.wixpress.com/artifactory/api/npm/npm-repos/quick-format-unescaped/-/quick-format-unescaped-4.0.3.tgz",
      "integrity": "sha1-bWtmuCB6orNe7xK+FCG7JMQo9lI="
    },
    "readable-stream": {
      "version": "3.6.0",
      "resolved": "https://repo.dev.wixpress.com/artifactory/api/npm/npm-repos/readable-stream/-/readable-stream-3.6.0.tgz",
      "integrity": "sha1-M3u9o63AcGvT4CRCaihtS0sskZg=",
      "requires": {
        "inherits": "^2.0.3",
        "string_decoder": "^1.1.1",
        "util-deprecate": "^1.0.1"
      }
    },
    "require-from-string": {
      "version": "2.0.2",
      "resolved": "https://repo.dev.wixpress.com/artifactory/api/npm/npm-repos/require-from-string/-/require-from-string-2.0.2.tgz",
      "integrity": "sha1-iaf92TgmEmcxjq/hT5wy5ZjDaQk="
    },
    "ret": {
      "version": "0.2.2",
      "resolved": "https://repo.dev.wixpress.com/artifactory/api/npm/npm-repos/ret/-/ret-0.2.2.tgz",
      "integrity": "sha1-toYXgqH0di3OQ0Aqcet6KD9EVzw="
    },
    "reusify": {
      "version": "1.0.4",
      "resolved": "https://repo.dev.wixpress.com/artifactory/api/npm/npm-repos/reusify/-/reusify-1.0.4.tgz",
      "integrity": "sha1-kNo4Kx4SbvwCFG6QhFqI2xKSXXY="
    },
    "rfdc": {
      "version": "1.3.0",
      "resolved": "https://repo.dev.wixpress.com/artifactory/api/npm/npm-repos/rfdc/-/rfdc-1.3.0.tgz",
      "integrity": "sha1-0LfEQasnINBdxM8m4ByJYx2doIs="
    },
    "safe-buffer": {
      "version": "5.2.1",
      "resolved": "https://repo.dev.wixpress.com/artifactory/api/npm/npm-repos/safe-buffer/-/safe-buffer-5.2.1.tgz",
      "integrity": "sha1-Hq+fqb2x/dTsdfWPnNtOa3gn7sY="
    },
    "safe-regex2": {
      "version": "2.0.0",
      "resolved": "https://repo.dev.wixpress.com/artifactory/api/npm/npm-repos/safe-regex2/-/safe-regex2-2.0.0.tgz",
      "integrity": "sha1-sodSTDl8eimURwNn4BheGRax9bk=",
      "requires": {
        "ret": "~0.2.0"
      }
    },
    "safer-buffer": {
      "version": "2.1.2",
      "resolved": "https://repo.dev.wixpress.com/artifactory/api/npm/npm-repos/safer-buffer/-/safer-buffer-2.1.2.tgz",
      "integrity": "sha1-RPoWGwGHuVSd2Eu5GAL5vYOFzWo="
    },
    "secure-json-parse": {
      "version": "2.4.0",
      "resolved": "https://repo.dev.wixpress.com/artifactory/api/npm/npm-repos/secure-json-parse/-/secure-json-parse-2.4.0.tgz",
      "integrity": "sha1-Wq6q74XHpBf3YnGk9bDMMxXdyoU="
    },
    "semver": {
      "version": "7.3.5",
      "resolved": "https://repo.dev.wixpress.com/artifactory/api/npm/npm-repos/semver/-/semver-7.3.5.tgz",
      "integrity": "sha1-C2Ich5NI2JmOSw5L6Us/EuYBjvc=",
      "requires": {
        "lru-cache": "^6.0.0"
      }
    },
    "semver-store": {
      "version": "0.3.0",
      "resolved": "https://repo.dev.wixpress.com/artifactory/api/npm/npm-repos/semver-store/-/semver-store-0.3.0.tgz",
      "integrity": "sha1-zmAv8H3zcIDsn0+0CylXZUe+++k="
    },
    "set-cookie-parser": {
      "version": "2.4.8",
      "resolved": "https://repo.dev.wixpress.com/artifactory/api/npm/npm-repos/set-cookie-parser/-/set-cookie-parser-2.4.8.tgz",
      "integrity": "sha1-0NoO04i8jyTnBqOR+cniUqE8WLI="
    },
    "setprototypeof": {
      "version": "1.2.0",
      "resolved": "https://repo.dev.wixpress.com/artifactory/api/npm/npm-repos/setprototypeof/-/setprototypeof-1.2.0.tgz",
      "integrity": "sha1-ZsmiSnP5/CjL5msJ/tPTPcrxtCQ="
    },
    "sonic-boom": {
      "version": "1.4.1",
      "resolved": "https://repo.dev.wixpress.com/artifactory/api/npm/npm-repos/sonic-boom/-/sonic-boom-1.4.1.tgz",
      "integrity": "sha1-011qdAdmJPEub5F63nuddekY9T4=",
      "requires": {
        "atomic-sleep": "^1.0.0",
        "flatstr": "^1.0.12"
      }
    },
    "ssh2": {
      "version": "1.4.0",
      "resolved": "https://repo.dev.wixpress.com/artifactory/api/npm/npm-repos/ssh2/-/ssh2-1.4.0.tgz",
      "integrity": "sha1-4y6DQzlDZMkiutkVpaf+zWfQ9cU=",
      "requires": {
        "asn1": "^0.2.4",
        "bcrypt-pbkdf": "^1.0.2",
        "cpu-features": "0.0.2",
        "nan": "^2.15.0"
      }
    },
    "statuses": {
      "version": "1.5.0",
      "resolved": "https://repo.dev.wixpress.com/artifactory/api/npm/npm-repos/statuses/-/statuses-1.5.0.tgz",
      "integrity": "sha1-Fhx9rBd2Wf2YEfQ3cfqZOBR4Yow="
    },
    "string-replace-stream": {
      "version": "0.0.2",
      "resolved": "https://repo.dev.wixpress.com/artifactory/api/npm/npm-repos/string-replace-stream/-/string-replace-stream-0.0.2.tgz",
      "integrity": "sha1-63XU7FZdjdTKhxeXySzHZDNYpbs=",
      "requires": {
        "through2": "^2.0.0"
      }
    },
    "string-similarity": {
      "version": "4.0.4",
      "resolved": "https://repo.dev.wixpress.com/artifactory/api/npm/npm-repos/string-similarity/-/string-similarity-4.0.4.tgz",
      "integrity": "sha1-QtAasLNGYOqKAY2o9WozCbuLKls="
    },
    "string_decoder": {
      "version": "1.3.0",
      "resolved": "https://repo.dev.wixpress.com/artifactory/api/npm/npm-repos/string_decoder/-/string_decoder-1.3.0.tgz",
      "integrity": "sha1-QvEUWUpGzxqOMLCoT1bHjD7awh4=",
      "requires": {
        "safe-buffer": "~5.2.0"
      }
    },
    "through2": {
      "version": "2.0.5",
      "resolved": "https://repo.dev.wixpress.com/artifactory/api/npm/npm-repos/through2/-/through2-2.0.5.tgz",
      "integrity": "sha1-AcHjnrMdB8t9A6lqcIIyYLIxMs0=",
      "requires": {
        "readable-stream": "~2.3.6",
        "xtend": "~4.0.1"
      },
      "dependencies": {
        "readable-stream": {
          "version": "2.3.7",
          "resolved": "https://repo.dev.wixpress.com/artifactory/api/npm/npm-repos/readable-stream/-/readable-stream-2.3.7.tgz",
          "integrity": "sha1-Hsoc9xGu+BTAT2IlKjamL2yyO1c=",
          "requires": {
            "core-util-is": "~1.0.0",
            "inherits": "~2.0.3",
            "isarray": "~1.0.0",
            "process-nextick-args": "~2.0.0",
            "safe-buffer": "~5.1.1",
            "string_decoder": "~1.1.1",
            "util-deprecate": "~1.0.1"
          }
        },
        "safe-buffer": {
          "version": "5.1.2",
          "resolved": "https://repo.dev.wixpress.com/artifactory/api/npm/npm-repos/safe-buffer/-/safe-buffer-5.1.2.tgz",
          "integrity": "sha1-mR7GnSluAxN0fVm9/St0XDX4go0="
        },
        "string_decoder": {
          "version": "1.1.1",
          "resolved": "https://repo.dev.wixpress.com/artifactory/api/npm/npm-repos/string_decoder/-/string_decoder-1.1.1.tgz",
          "integrity": "sha1-nPFhG6YmhdcDCunkujQUnDrwP8g=",
          "requires": {
            "safe-buffer": "~5.1.0"
          }
        }
      }
    },
    "tiny-lru": {
      "version": "7.0.6",
      "resolved": "https://repo.dev.wixpress.com/artifactory/api/npm/npm-repos/tiny-lru/-/tiny-lru-7.0.6.tgz",
      "integrity": "sha1-sMPN7eHliCqi0a4hyyzszyozHyQ="
    },
    "toidentifier": {
      "version": "1.0.0",
      "resolved": "https://repo.dev.wixpress.com/artifactory/api/npm/npm-repos/toidentifier/-/toidentifier-1.0.0.tgz",
      "integrity": "sha1-fhvjRw8ed5SLxD2Uo8j013UrpVM="
    },
    "tweetnacl": {
      "version": "0.14.5",
      "resolved": "https://repo.dev.wixpress.com/artifactory/api/npm/npm-repos/tweetnacl/-/tweetnacl-0.14.5.tgz",
      "integrity": "sha1-WuaBd/GS1EViadEIr6k/+HQ/T2Q="
    },
    "undici": {
      "version": "4.5.1",
      "resolved": "https://repo.dev.wixpress.com/artifactory/api/npm/npm-repos/undici/-/undici-4.5.1.tgz",
      "integrity": "sha1-SCRW2jJrBiIPy9TbPqzC+6Hy0F0="
    },
    "uri-js": {
      "version": "4.4.1",
      "resolved": "https://repo.dev.wixpress.com/artifactory/api/npm/npm-repos/uri-js/-/uri-js-4.4.1.tgz",
      "integrity": "sha1-mxpSWVIlhZ5V9mnZKPiMbFfyp34=",
      "requires": {
        "punycode": "^2.1.0"
      }
    },
    "util-deprecate": {
      "version": "1.0.2",
      "resolved": "https://repo.dev.wixpress.com/artifactory/api/npm/npm-repos/util-deprecate/-/util-deprecate-1.0.2.tgz",
      "integrity": "sha1-RQ1Nyfpw3nMnYvvS1KKJgUGaDM8="
    },
    "wrappy": {
      "version": "1.0.2",
      "resolved": "https://repo.dev.wixpress.com/artifactory/api/npm/npm-repos/wrappy/-/wrappy-1.0.2.tgz",
      "integrity": "sha1-tSQ9jz7BqjXxNkYFvA0QNuMKtp8="
    },
    "ws": {
      "version": "8.2.1",
      "resolved": "https://repo.dev.wixpress.com/artifactory/api/npm/npm-repos/ws/-/ws-8.2.1.tgz",
      "integrity": "sha1-vdkrPFb9tH0jebWuU0KBkizFvRI="
    },
    "xtend": {
      "version": "4.0.2",
      "resolved": "https://repo.dev.wixpress.com/artifactory/api/npm/npm-repos/xtend/-/xtend-4.0.2.tgz",
      "integrity": "sha1-u3J3n1+kZRhrH0OPZ0+jR/2121Q="
    },
    "yallist": {
      "version": "4.0.0",
      "resolved": "https://repo.dev.wixpress.com/artifactory/api/npm/npm-repos/yallist/-/yallist-4.0.0.tgz",
      "integrity": "sha1-m7knkNnA7/7GO+c1GeEaNQGaOnI="
    }
  }
}
